schema: '2.0'
stages:
  preprocess:
    cmd: docker-compose run --rm preprocessor
    deps:
    - path: data/raw/Epileptic_Seizure_Recognition.csv
      hash: md5
      md5: 6fd90d64def591ae3c8de83bc8dc7348
      size: 7623837
    outs:
    - path: data/processed/X_test.npy
      hash: md5
      md5: 1ae497c7896227eee6121cde47c359aa
      size: 227968
    - path: data/processed/X_train.npy
      hash: md5
      md5: b4624887e6a3d9a1e60e97870a4edc31
      size: 911488
    - path: data/processed/Y_test.npy
      hash: md5
      md5: 6deea7ab8bcb03eed64930e6904c009d
      size: 2688
    - path: data/processed/Y_train.npy
      hash: md5
      md5: a398178425c18d46b6c67770e22b1d17
      size: 10368
  train:
    cmd: docker-compose run --rm trainer
    deps:
    - path: data/processed/X_train.npy
      hash: md5
      md5: b4624887e6a3d9a1e60e97870a4edc31
      size: 911488
    outs:
    - path: models/epilepsy_model.keras
      hash: md5
      md5: e887bff510995f442e9f3a2d80c698af
      size: 515685
